
Microsoft Visual Studio Solution File, Format Version 12.00
# Visual Studio Version 17
VisualStudioVersion = 17.3.32825.248
MinimumVisualStudioVersion = 10.0.40219.1
Project("{8BC9CEB8-8B4A-11D0-8D11-00A0C91BC942}") = "Crow Server", "Crow Server.vcxproj", "{5F413352-04A5-42B9-9693-B16F752C158A}"
EndProject
Global
	GlobalSection(SolutionConfigurationPlatforms) = preSolution
		Debug|x64 = Debug|x64
		Debug|x86 = Debug|x86
		Release|x64 = Release|x64
		Release|x86 = Release|x86
	EndGlobalSection
	GlobalSection(ProjectConfigurationPlatforms) = postSolution
		{5F413352-04A5-42B9-9693-B16F752C158A}.Debug|x64.ActiveCfg = Debug|x64
		{5F413352-04A5-42B9-9693-B16F752C158A}.Debug|x64.Build.0 = Debug|x64
		{5F413352-04A5-42B9-9693-B16F752C158A}.Debug|x86.ActiveCfg = Debug|Win32
		{5F413352-04A5-42B9-9693-B16F752C158A}.Debug|x86.Build.0 = Debug|Win32
		{5F413352-04A5-42B9-9693-B16F752C158A}.Release|x64.ActiveCfg = Release|x64
		{5F413352-04A5-42B9-9693-B16F752C158A}.Release|x64.Build.0 = Release|x64
		{5F413352-04A5-42B9-9693-B16F752C158A}.Release|x86.ActiveCfg = Release|Win32
		{5F413352-04A5-42B9-9693-B16F752C158A}.Release|x86.Build.0 = Release|Win32
	EndGlobalSection
	GlobalSection(SolutionProperties) = preSolution
		HideSolutionNode = FALSE
	EndGlobalSection
	GlobalSection(ExtensibilityGlobals) = postSolution
		SolutionGuid = {2DC9A779-E80F-4ED3-9C7F-18AB285B6E90}
	EndGlobalSection
EndGlobal
